
Microsoft Visual Studio Solution File, Format Version 12.00
# Visual Studio Version 16
VisualStudioVersion = 16.0.30413.136
MinimumVisualStudioVersion = 10.0.40219.1
Project("{FAE04EC0-301F-11D3-BF4B-00C04F79EFBC}") = "mstscOTP", "mstscOTP\mstscOTP.csproj", "{5888B169-436E-4D53-81F8-420FD8FEE427}"
EndProject
Global
	GlobalSection(SolutionConfigurationPlatforms) = preSolution
		Debug|Any CPU = Debug|Any CPU
		Release|Any CPU = Release|Any CPU
	EndGlobalSection
	GlobalSection(ProjectConfigurationPlatforms) = postSolution
		{5888B169-436E-4D53-81F8-420FD8FEE427}.Debug|Any CPU.ActiveCfg = Debug|Any CPU
		{5888B169-436E-4D53-81F8-420FD8FEE427}.Debug|Any CPU.Build.0 = Debug|Any CPU
		{5888B169-436E-4D53-81F8-420FD8FEE427}.Release|Any CPU.ActiveCfg = Release|Any CPU
		{5888B169-436E-4D53-81F8-420FD8FEE427}.Release|Any CPU.Build.0 = Release|Any CPU
	EndGlobalSection
	GlobalSection(SolutionProperties) = preSolution
		HideSolutionNode = FALSE
	EndGlobalSection
	GlobalSection(ExtensibilityGlobals) = postSolution
		SolutionGuid = {08DFDC6B-BF60-4C9D-B4AA-AF0C8D320900}
	EndGlobalSection
EndGlobal
